
Microsoft Visual Studio Solution File, Format Version 11.00
# Visual Studio 2010
Project("{FAE04EC0-301F-11D3-BF4B-00C04F79EFBC}") = "EmployeesManagement.Tests", "EmployeesManagement.UnitTests\EmployeesManagement.Tests.csproj", "{869D98FF-7DDA-4DD4-8715-7369CCD874A4}"
EndProject
Project("{2150E333-8FDC-42A3-9474-1A3956D46DE8}") = "Solution Items", "Solution Items", "{BBF3DE00-6EA0-4ADD-81E2-B223B86603A6}"
	ProjectSection(SolutionItems) = preProject
		EmployeesManagement.vsmdi = EmployeesManagement.vsmdi
		Local.testsettings = Local.testsettings
		TraceAndTestImpact.testsettings = TraceAndTestImpact.testsettings
	EndProjectSection
EndProject
Project("{FAE04EC0-301F-11D3-BF4B-00C04F79EFBC}") = "EmployeesManagement.WebUI", "EmployeesManagement.WebUI\EmployeesManagement.WebUI.csproj", "{D8167465-866F-4B0C-A602-3B616E2DD142}"
EndProject
Project("{FAE04EC0-301F-11D3-BF4B-00C04F79EFBC}") = "EmployeesManagement.Domain", "EmployeesManagement.Domain\EmployeesManagement.Domain.csproj", "{4302B266-F7B5-4728-85FF-D02260D56AA4}"
EndProject
Global
	GlobalSection(TestCaseManagementSettings) = postSolution
		CategoryFile = EmployeesManagement.vsmdi
	EndGlobalSection
	GlobalSection(SolutionConfigurationPlatforms) = preSolution
		Debug|Any CPU = Debug|Any CPU
		Release|Any CPU = Release|Any CPU
	EndGlobalSection
	GlobalSection(ProjectConfigurationPlatforms) = postSolution
		{869D98FF-7DDA-4DD4-8715-7369CCD874A4}.Debug|Any CPU.ActiveCfg = Debug|Any CPU
		{869D98FF-7DDA-4DD4-8715-7369CCD874A4}.Debug|Any CPU.Build.0 = Debug|Any CPU
		{869D98FF-7DDA-4DD4-8715-7369CCD874A4}.Release|Any CPU.ActiveCfg = Release|Any CPU
		{869D98FF-7DDA-4DD4-8715-7369CCD874A4}.Release|Any CPU.Build.0 = Release|Any CPU
		{D8167465-866F-4B0C-A602-3B616E2DD142}.Debug|Any CPU.ActiveCfg = Debug|Any CPU
		{D8167465-866F-4B0C-A602-3B616E2DD142}.Debug|Any CPU.Build.0 = Debug|Any CPU
		{D8167465-866F-4B0C-A602-3B616E2DD142}.Release|Any CPU.ActiveCfg = Release|Any CPU
		{D8167465-866F-4B0C-A602-3B616E2DD142}.Release|Any CPU.Build.0 = Release|Any CPU
		{4302B266-F7B5-4728-85FF-D02260D56AA4}.Debug|Any CPU.ActiveCfg = Debug|Any CPU
		{4302B266-F7B5-4728-85FF-D02260D56AA4}.Debug|Any CPU.Build.0 = Debug|Any CPU
		{4302B266-F7B5-4728-85FF-D02260D56AA4}.Release|Any CPU.ActiveCfg = Release|Any CPU
		{4302B266-F7B5-4728-85FF-D02260D56AA4}.Release|Any CPU.Build.0 = Release|Any CPU
	EndGlobalSection
	GlobalSection(SolutionProperties) = preSolution
		HideSolutionNode = FALSE
	EndGlobalSection
EndGlobal
